// !$*UTF8*$!
{
	archiveVersion = 1;
	classes = {
	};
	objectVersion = 50;
	objects = {

/* Begin PBXBuildFile section */
		CE3EF81F2605982A00E5D815 /* SwiftUI_Exercise1App.swift in Sources */ = {isa = PBXBuildFile; fileRef = CE3EF81E2605982A00E5D815 /* SwiftUI_Exercise1App.swift */; };
		CE3EF8212605982A00E5D815 /* ContentView.swift in Sources */ = {isa = PBXBuildFile; fileRef = CE3EF8202605982A00E5D815 /* ContentView.swift */; };
		CE3EF8232605982B00E5D815 /* Assets.xcassets in Resources */ = {isa = PBXBuildFile; fileRef = CE3EF8222605982B00E5D815 /* Assets.xcassets */; };
		CE3EF8262605982B00E5D815 /* Preview Assets.xcassets in Resources */ = {isa = PBXBuildFile; fileRef = CE3EF8252605982B00E5D815 /* Preview Assets.xcassets */; };
		CE8451E9260AC3F6002EE294 /* ContentViewModel.swift in Sources */ = {isa = PBXBuildFile; fileRef = CE8451E8260AC3F6002EE294 /* ContentViewModel.swift */; };
		CE8451F0260AC969002EE294 /* PhotoView.swift in Sources */ = {isa = PBXBuildFile; fileRef = CE8451EF260AC969002EE294 /* PhotoView.swift */; };
/* End PBXBuildFile section */

/* Begin PBXFileReference section */
		CE3EF81B2605982A00E5D815 /* SwiftUI_Exercise1.app */ = {isa = PBXFileReference; explicitFileType = wrapper.application; includeInIndex = 0; path = SwiftUI_Exercise1.app; sourceTree = BUILT_PRODUCTS_DIR; };
		CE3EF81E2605982A00E5D815 /* SwiftUI_Exercise1App.swift */ = {isa = PBXFileReference; lastKnownFileType = sourcecode.swift; path = SwiftUI_Exercise1App.swift; sourceTree = "<group>"; };
		CE3EF8202605982A00E5D815 /* ContentView.swift */ = {isa = PBXFileReference; lastKnownFileType = sourcecode.swift; path = ContentView.swift; sourceTree = "<group>"; };
		CE3EF8222605982B00E5D815 /* Assets.xcassets */ = {isa = PBXFileReference; lastKnownFileType = folder.assetcatalog; path = Assets.xcassets; sourceTree = "<group>"; };
		CE3EF8252605982B00E5D815 /* Preview Assets.xcassets */ = {isa = PBXFileReference; lastKnownFileType = folder.assetcatalog; path = "Preview Assets.xcassets"; sourceTree = "<group>"; };
		CE3EF8272605982B00E5D815 /* Info.plist */ = {isa = PBXFileReference; lastKnownFileType = text.plist.xml; path = Info.plist; sourceTree = "<group>"; };
		CE8451E8260AC3F6002EE294 /* ContentViewModel.swift */ = {isa = PBXFileReference; lastKnownFileType = sourcecode.swift; path = ContentViewModel.swift; sourceTree = "<group>"; };
		CE8451EF260AC969002EE294 /* PhotoView.swift */ = {isa = PBXFileReference; lastKnownFileType = sourcecode.swift; path = PhotoView.swift; sourceTree = "<group>"; };
/* End PBXFileReference section */

/* Begin PBXFrameworksBuildPhase section */
		CE3EF8182605982A00E5D815 /* Frameworks */ = {
			isa = PBXFrameworksBuildPhase;
			buildActionMask = 2147483647;
			files = (
			);
			runOnlyForDeploymentPostprocessing = 0;
		};
/* End PBXFrameworksBuildPhase section */

/* Begin PBXGroup section */
		CE3EF8122605982A00E5D815 = {
			isa = PBXGroup;
			children = (
				CE3EF81D2605982A00E5D815 /* SwiftUI_Exercise1 */,
				CE3EF81C2605982A00E5D815 /* Products */,
			);
			sourceTree = "<group>";
		};
		CE3EF81C2605982A00E5D815 /* Products */ = {
			isa = PBXGroup;
			children = (
				CE3EF81B2605982A00E5D815 /* SwiftUI_Exercise1.app */,
			);
			name = Products;
			sourceTree = "<group>";
		};
		CE3EF81D2605982A00E5D815 /* SwiftUI_Exercise1 */ = {
			isa = PBXGroup;
			children = (
				CE3EF81E2605982A00E5D815 /* SwiftUI_Exercise1App.swift */,
				CE3EF8202605982A00E5D815 /* ContentView.swift */,
				CE8451E8260AC3F6002EE294 /* ContentViewModel.swift */,
				CE8451EF260AC969002EE294 /* PhotoView.swift */,
				CE3EF8222605982B00E5D815 /* Assets.xcassets */,
				CE3EF8272605982B00E5D815 /* Info.plist */,
				CE3EF8242605982B00E5D815 /* Preview Content */,
			);
			path = SwiftUI_Exercise1;
			sourceTree = "<group>";
		};
		CE3EF8242605982B00E5D815 /* Preview Content */ = {
			isa = PBXGroup;
			children = (
				CE3EF8252605982B00E5D815 /* Preview Assets.xcassets */,
			);
			path = "Preview Content";
			sourceTree = "<group>";
		};
/* End PBXGroup section */

/* Begin PBXNativeTarget section */
		CE3EF81A2605982A00E5D815 /* SwiftUI_Exercise1 */ = {
			isa = PBXNativeTarget;
			buildConfigurationList = CE3EF82A2605982B00E5D815 /* Build configuration list for PBXNativeTarget "SwiftUI_Exercise1" */;
			buildPhases = (
				CE3EF8172605982A00E5D815 /* Sources */,
				CE3EF8182605982A00E5D815 /* Frameworks */,
				CE3EF8192605982A00E5D815 /* Resources */,
			);
			buildRules = (
			);
			dependencies = (
			);
			name = SwiftUI_Exercise1;
			productName = ThinkingInSwiftUI;
			productReference = CE3EF81B2605982A00E5D815 /* SwiftUI_Exercise1.app */;
			productType = "com.apple.product-type.application";
		};
/* End PBXNativeTarget section */

/* Begin PBXProject section */
		CE3EF8132605982A00E5D815 /* Project object */ = {
			isa = PBXProject;
			attributes = {
				LastSwiftUpdateCheck = 1240;
				LastUpgradeCheck = 1240;
				TargetAttributes = {
					CE3EF81A2605982A00E5D815 = {
						CreatedOnToolsVersion = 12.4;
					};
				};
			};
			buildConfigurationList = CE3EF8162605982A00E5D815 /* Build configuration list for PBXProject "SwiftUI_Exercise1" */;
			compatibilityVersion = "Xcode 9.3";
			developmentRegion = en;
			hasScannedForEncodings = 0;
			knownRegions = (
				en,
				Base,
			);
			mainGroup = CE3EF8122605982A00E5D815;
			productRefGroup = CE3EF81C2605982A00E5D815 /* Products */;
			projectDirPath = "";
			projectRoot = "";
			targets = (
				CE3EF81A2605982A00E5D815 /* SwiftUI_Exercise1 */,
			);
		};
/* End PBXProject section */

/* Begin PBXResourcesBuildPhase section */
		CE3EF8192605982A00E5D815 /* Resources */ = {
			isa = PBXResourcesBuildPhase;
			buildActionMask = 2147483647;
			files = (
				CE3EF8262605982B00E5D815 /* Preview Assets.xcassets in Resources */,
				CE3EF8232605982B00E5D815 /* Assets.xcassets in Resources */,
			);
			runOnlyForDeploymentPostprocessing = 0;
		};
/* End PBXResourcesBuildPhase section */

/* Begin PBXSourcesBuildPhase section */
		CE3EF8172605982A00E5D815 /* Sources */ = {
			isa = PBXSourcesBuildPhase;
			buildActionMask = 2147483647;
			files = (
				CE3EF8212605982A00E5D815 /* ContentView.swift in Sources */,
				CE3EF81F2605982A00E5D815 /* SwiftUI_Exercise1App.swift in Sources */,
				CE8451E9260AC3F6002EE294 /* ContentViewModel.swift in Sources */,
				CE8451F0260AC969002EE294 /* PhotoView.swift in Sources */,
			);
			runOnlyForDeploymentPostprocessing = 0;
		};
/* End PBXSourcesBuildPhase section */

/* Begin XCBuildConfiguration section */
		CE3EF8282605982B00E5D815 /* Debug */ = {
			isa = XCBuildConfiguration;
			buildSettings = {
				ALWAYS_SEARCH_USER_PATHS = NO;
				CLANG_ANALYZER_NONNULL = YES;
				CLANG_ANALYZER_NUMBER_OBJECT_CONVERSION = YES_AGGRESSIVE;
				CLANG_CXX_LANGUAGE_STANDARD = "gnu++14";
				CLANG_CXX_LIBRARY = "libc++";
				CLANG_ENABLE_MODULES = YES;
				CLANG_ENABLE_OBJC_ARC = YES;
				CLANG_ENABLE_OBJC_WEAK = YES;
				CLANG_WARN_BLOCK_CAPTURE_AUTORELEASING = YES;
				CLANG_WARN_BOOL_CONVERSION = YES;
				CLANG_WARN_COMMA = YES;
				CLANG_WARN_CONSTANT_CONVERSION = YES;
				CLANG_WARN_DEPRECATED_OBJC_IMPLEMENTATIONS = YES;
				CLANG_WARN_DIRECT_OBJC_ISA_USAGE = YES_ERROR;
				CLANG_WARN_DOCUMENTATION_COMMENTS = YES;
				CLANG_WARN_EMPTY_BODY = YES;
				CLANG_WARN_ENUM_CONVERSION = YES;
				CLANG_WARN_INFINITE_RECURSION = YES;
				CLANG_WARN_INT_CONVERSION = YES;
				CLANG_WARN_NON_LITERAL_NULL_CONVERSION = YES;
				CLANG_WARN_OBJC_IMPLICIT_RETAIN_SELF = YES;
				CLANG_WARN_OBJC_LITERAL_CONVERSION = YES;
				CLANG_WARN_OBJC_ROOT_CLASS = YES_ERROR;
				CLANG_WARN_QUOTED_INCLUDE_IN_FRAMEWORK_HEADER = YES;
				CLANG_WARN_RANGE_LOOP_ANALYSIS = YES;
				CLANG_WARN_STRICT_PROTOTYPES = YES;
				CLANG_WARN_SUSPICIOUS_MOVE = YES;
				CLANG_WARN_UNGUARDED_AVAILABILITY = YES_AGGRESSIVE;
				CLANG_WARN_UNREACHABLE_CODE = YES;
				CLANG_WARN__DUPLICATE_METHOD_MATCH = YES;
				COPY_PHASE_STRIP = NO;
				DEBUG_INFORMATION_FORMAT = dwarf;
				ENABLE_STRICT_OBJC_MSGSEND = YES;
				ENABLE_TESTABILITY = YES;
				GCC_C_LANGUAGE_STANDARD = gnu11;
				GCC_DYNAMIC_NO_PIC = NO;
				GCC_NO_COMMON_BLOCKS = YES;
				GCC_OPTIMIZATION_LEVEL = 0;
				GCC_PREPROCESSOR_DEFINITIONS = (
					"DEBUG=1",
					"$(inherited)",
				);
				GCC_WARN_64_TO_32_BIT_CONVERSION = YES;
				GCC_WARN_ABOUT_RETURN_TYPE = YES_ERROR;
				GCC_WARN_UNDECLARED_SELECTOR = YES;
				GCC_WARN_UNINITIALIZED_AUTOS = YES_AGGRESSIVE;
				GCC_WARN_UNUSED_FUNCTION = YES;
				GCC_WARN_UNUSED_VARIABLE = YES;
				IPHONEOS_DEPLOYMENT_TARGET = 14.4;
				MTL_ENABLE_DEBUG_INFO = INCLUDE_SOURCE;
				MTL_FAST_MATH = YES;
				ONLY_ACTIVE_ARCH = YES;
				SDKROOT = iphoneos;
				SWIFT_ACTIVE_COMPILATION_CONDITIONS = DEBUG;
				SWIFT_OPTIMIZATION_LEVEL = "-Onone";
			};
			name = Debug;
		};
		CE3EF8292605982B00E5D815 /* Release */ = {
			isa = XCBuildConfiguration;
			buildSettings = {
				ALWAYS_SEARCH_USER_PATHS = NO;
				CLANG_ANALYZER_NONNULL = YES;
				CLANG_ANALYZER_NUMBER_OBJECT_CONVERSION = YES_AGGRESSIVE;
				CLANG_CXX_LANGUAGE_STANDARD = "gnu++14";
				CLANG_CXX_LIBRARY = "libc++";
				CLANG_ENABLE_MODULES = YES;
				CLANG_ENABLE_OBJC_ARC = YES;
				CLANG_ENABLE_OBJC_WEAK = YES;
				CLANG_WARN_BLOCK_CAPTURE_AUTORELEASING = YES;
				CLANG_WARN_BOOL_CONVERSION = YES;
				CLANG_WARN_COMMA = YES;
				CLANG_WARN_CONSTANT_CONVERSION = YES;
				CLANG_WARN_DEPRECATED_OBJC_IMPLEMENTATIONS = YES;
				CLANG_WARN_DIRECT_OBJC_ISA_USAGE = YES_ERROR;
				CLANG_WARN_DOCUMENTATION_COMMENTS = YES;
				CLANG_WARN_EMPTY_BODY = YES;
				CLANG_WARN_ENUM_CONVERSION = YES;
				CLANG_WARN_INFINITE_RECURSION = YES;
				CLANG_WARN_INT_CONVERSION = YES;
				CLANG_WARN_NON_LITERAL_NULL_CONVERSION = YES;
				CLANG_WARN_OBJC_IMPLICIT_RETAIN_SELF = YES;
				CLANG_WARN_OBJC_LITERAL_CONVERSION = YES;
				CLANG_WARN_OBJC_ROOT_CLASS = YES_ERROR;
				CLANG_WARN_QUOTED_INCLUDE_IN_FRAMEWORK_HEADER = YES;
				CLANG_WARN_RANGE_LOOP_ANALYSIS = YES;
				CLANG_WARN_STRICT_PROTOTYPES = YES;
				CLANG_WARN_SUSPICIOUS_MOVE = YES;
				CLANG_WARN_UNGUARDED_AVAILABILITY = YES_AGGRESSIVE;
				CLANG_WARN_UNREACHABLE_CODE = YES;
				CLANG_WARN__DUPLICATE_METHOD_MATCH = YES;
				COPY_PHASE_STRIP = NO;
				DEBUG_INFORMATION_FORMAT = "dwarf-with-dsym";
				ENABLE_NS_ASSERTIONS = NO;
				ENABLE_STRICT_OBJC_MSGSEND = YES;
				GCC_C_LANGUAGE_STANDARD = gnu11;
				GCC_NO_COMMON_BLOCKS = YES;
				GCC_WARN_64_TO_32_BIT_CONVERSION = YES;
				GCC_WARN_ABOUT_RETURN_TYPE = YES_ERROR;
				GCC_WARN_UNDECLARED_SELECTOR = YES;
				GCC_WARN_UNINITIALIZED_AUTOS = YES_AGGRESSIVE;
				GCC_WARN_UNUSED_FUNCTION = YES;
				GCC_WARN_UNUSED_VARIABLE = YES;
				IPHONEOS_DEPLOYMENT_TARGET = 14.4;
				MTL_ENABLE_DEBUG_INFO = NO;
				MTL_FAST_MATH = YES;
				SDKROOT = iphoneos;
				SWIFT_COMPILATION_MODE = wholemodule;
				SWIFT_OPTIMIZATION_LEVEL = "-O";
				VALIDATE_PRODUCT = YES;
			};
			name = Release;
		};
		CE3EF82B2605982B00E5D815 /* Debug */ = {
			isa = XCBuildConfiguration;
			buildSettings = {
				ASSETCATALOG_COMPILER_APPICON_NAME = AppIcon;
				ASSETCATALOG_COMPILER_GLOBAL_ACCENT_COLOR_NAME = AccentColor;
				CODE_SIGN_ENTITLEMENTS = ThinkingInSwiftUI/ThinkingInSwiftUI.entitlements;
				CODE_SIGN_STYLE = Automatic;
				DEVELOPMENT_ASSET_PATHS = "\"SwiftUI_Exercise1/Preview Content\"";
				DEVELOPMENT_TEAM = U6Q8TLUS3X;
				ENABLE_PREVIEWS = YES;
				INFOPLIST_FILE = SwiftUI_Exercise1/Info.plist;
				IPHONEOS_DEPLOYMENT_TARGET = 14.0;
				LD_RUNPATH_SEARCH_PATHS = (
					"$(inherited)",
					"@executable_path/Frameworks",
				);
				PRODUCT_BUNDLE_IDENTIFIER = com.navercorp.assetwriter.ThinkingInSwiftUI;
				PRODUCT_NAME = "$(TARGET_NAME)";
				SUPPORTS_MACCATALYST = NO;
				SWIFT_VERSION = 5.0;
				TARGETED_DEVICE_FAMILY = "1,2";
			};
			name = Debug;
		};
		CE3EF82C2605982B00E5D815 /* Release */ = {
			isa = XCBuildConfiguration;
			buildSettings = {
				ASSETCATALOG_COMPILER_APPICON_NAME = AppIcon;
				ASSETCATALOG_COMPILER_GLOBAL_ACCENT_COLOR_NAME = AccentColor;
				CODE_SIGN_ENTITLEMENTS = ThinkingInSwiftUI/ThinkingInSwiftUI.entitlements;
				CODE_SIGN_STYLE = Automatic;
				DEVELOPMENT_ASSET_PATHS = "\"SwiftUI_Exercise1/Preview Content\"";
				DEVELOPMENT_TEAM = U6Q8TLUS3X;
				ENABLE_PREVIEWS = YES;
				INFOPLIST_FILE = SwiftUI_Exercise1/Info.plist;
				IPHONEOS_DEPLOYMENT_TARGET = 14.0;
				LD_RUNPATH_SEARCH_PATHS = (
					"$(inherited)",
					"@executable_path/Frameworks",
				);
				PRODUCT_BUNDLE_IDENTIFIER = com.navercorp.assetwriter.ThinkingInSwiftUI;
				PRODUCT_NAME = "$(TARGET_NAME)";
				SUPPORTS_MACCATALYST = NO;
				SWIFT_VERSION = 5.0;
				TARGETED_DEVICE_FAMILY = "1,2";
			};
			name = Release;
		};
/* End XCBuildConfiguration section */

/* Begin XCConfigurationList section */
		CE3EF8162605982A00E5D815 /* Build configuration list for PBXProject "SwiftUI_Exercise1" */ = {
			isa = XCConfigurationList;
			buildConfigurations = (
				CE3EF8282605982B00E5D815 /* Debug */,
				CE3EF8292605982B00E5D815 /* Release */,
			);
			defaultConfigurationIsVisible = 0;
			defaultConfigurationName = Release;
		};
		CE3EF82A2605982B00E5D815 /* Build configuration list for PBXNativeTarget "SwiftUI_Exercise1" */ = {
			isa = XCConfigurationList;
			buildConfigurations = (
				CE3EF82B2605982B00E5D815 /* Debug */,
				CE3EF82C2605982B00E5D815 /* Release */,
			);
			defaultConfigurationIsVisible = 0;
			defaultConfigurationName = Release;
		};
/* End XCConfigurationList section */
	};
	rootObject = CE3EF8132605982A00E5D815 /* Project object */;
}
